
Microsoft Visual Studio Solution File, Format Version 12.00
# Visual Studio Version 17
VisualStudioVersion = 17.14.36221.1 d17.14
MinimumVisualStudioVersion = 10.0.40219.1
Project("{FAE04EC0-301F-11D3-BF4B-00C04F79EFBC}") = "EvaluacionSantiagoAlulema_Front", "EvaluacionSantiagoAlulema_Front.csproj", "{DD50E6F7-80F9-485C-A584-8951CF236F36}"
EndProject
Global
	GlobalSection(SolutionConfigurationPlatforms) = preSolution
		Debug|Any CPU = Debug|Any CPU
		Release|Any CPU = Release|Any CPU
	EndGlobalSection
	GlobalSection(ProjectConfigurationPlatforms) = postSolution
		{DD50E6F7-80F9-485C-A584-8951CF236F36}.Debug|Any CPU.ActiveCfg = Debug|Any CPU
		{DD50E6F7-80F9-485C-A584-8951CF236F36}.Debug|Any CPU.Build.0 = Debug|Any CPU
		{DD50E6F7-80F9-485C-A584-8951CF236F36}.Release|Any CPU.ActiveCfg = Release|Any CPU
		{DD50E6F7-80F9-485C-A584-8951CF236F36}.Release|Any CPU.Build.0 = Release|Any CPU
	EndGlobalSection
	GlobalSection(SolutionProperties) = preSolution
		HideSolutionNode = FALSE
	EndGlobalSection
	GlobalSection(ExtensibilityGlobals) = postSolution
		SolutionGuid = {F4A02B2F-46D3-448D-A566-F236B442A8E0}
	EndGlobalSection
EndGlobal
